
Microsoft Visual Studio Solution File, Format Version 12.00
# Visual Studio Version 17
VisualStudioVersion = 17.2.32630.192
MinimumVisualStudioVersion = 10.0.40219.1
Project("{FAE04EC0-301F-11D3-BF4B-00C04F79EFBC}") = "DependecyInjectorExample", "DependecyInjectorExample\DependecyInjectorExample.csproj", "{D95B865E-FB20-4460-AF94-0CA1519BAE7B}"
EndProject
Global
	GlobalSection(SolutionConfigurationPlatforms) = preSolution
		Debug|Any CPU = Debug|Any CPU
		Release|Any CPU = Release|Any CPU
	EndGlobalSection
	GlobalSection(ProjectConfigurationPlatforms) = postSolution
		{D95B865E-FB20-4460-AF94-0CA1519BAE7B}.Debug|Any CPU.ActiveCfg = Debug|Any CPU
		{D95B865E-FB20-4460-AF94-0CA1519BAE7B}.Debug|Any CPU.Build.0 = Debug|Any CPU
		{D95B865E-FB20-4460-AF94-0CA1519BAE7B}.Release|Any CPU.ActiveCfg = Release|Any CPU
		{D95B865E-FB20-4460-AF94-0CA1519BAE7B}.Release|Any CPU.Build.0 = Release|Any CPU
	EndGlobalSection
	GlobalSection(SolutionProperties) = preSolution
		HideSolutionNode = FALSE
	EndGlobalSection
	GlobalSection(ExtensibilityGlobals) = postSolution
		SolutionGuid = {341592EC-7FFA-418E-A0F1-DC99354FBDBE}
	EndGlobalSection
EndGlobal
